
Microsoft Visual Studio Solution File, Format Version 12.00
# Visual Studio Version 16
VisualStudioVersion = 16.0.31220.234
MinimumVisualStudioVersion = 10.0.40219.1
Project("{2150E333-8FDC-42A3-9474-1A3956D46DE8}") = "Bar430", "Bar430", "{07BAED45-8244-4145-8450-18383F32CFB1}"
EndProject
Project("{2150E333-8FDC-42A3-9474-1A3956D46DE8}") = "Foo400", "Foo400", "{61792957-C06D-425F-A321-C502A9726FDF}"
EndProject
Project("{9A19103F-16F7-4668-BE54-9A1E7A4F7556}") = "Foo400.Application", "Foo400\Foo400.Application\Foo400.Application.csproj", "{BE28AC9E-33E1-4027-867C-E872D296279A}"
EndProject
Project("{9A19103F-16F7-4668-BE54-9A1E7A4F7556}") = "Foo400.Application.Contracts", "Foo400\Foo400.Application.Contracts\Foo400.Application.Contracts.csproj", "{19CBDBC3-80FB-4380-9927-ABFE594D3E46}"
EndProject
Project("{9A19103F-16F7-4668-BE54-9A1E7A4F7556}") = "Foo400.Domain", "Foo400\Foo400.Domain\Foo400.Domain.csproj", "{0FEBDE8A-07BD-4BC2-A046-E8B2CD8C2075}"
EndProject
Project("{9A19103F-16F7-4668-BE54-9A1E7A4F7556}") = "Foo400.Domain.Shared", "Foo400\Foo400.Domain.Shared\Foo400.Domain.Shared.csproj", "{102EADA5-C933-4B40-A765-A3AE50BD522E}"
EndProject
Project("{9A19103F-16F7-4668-BE54-9A1E7A4F7556}") = "Foo400.HttpApi", "Foo400\Foo400.HttpApi\Foo400.HttpApi.csproj", "{994A0BEC-2936-43FB-848B-4502B650ED10}"
EndProject
Project("{9A19103F-16F7-4668-BE54-9A1E7A4F7556}") = "Foo400.HttpApi.Client", "Foo400\Foo400.HttpApi.Client\Foo400.HttpApi.Client.csproj", "{177901AA-347D-4B26-8695-5E50E50B1883}"
EndProject
Project("{9A19103F-16F7-4668-BE54-9A1E7A4F7556}") = "Foo400.HttpApi.Host", "Foo400\Foo400.HttpApi.Host\Foo400.HttpApi.Host.csproj", "{FB95971F-E07F-4C91-A693-D0C7CFA3561A}"
EndProject
Project("{9A19103F-16F7-4668-BE54-9A1E7A4F7556}") = "Bar430.Application", "Bar430\Bar430.Application\Bar430.Application.csproj", "{1401A715-4A20-4A21-A782-E70CB6241A21}"
EndProject
Project("{9A19103F-16F7-4668-BE54-9A1E7A4F7556}") = "Bar430.Application.Contracts", "Bar430\Bar430.Application.Contracts\Bar430.Application.Contracts.csproj", "{4DA0B851-C284-487E-9BA2-1DB594D41554}"
EndProject
Project("{9A19103F-16F7-4668-BE54-9A1E7A4F7556}") = "Bar430.Domain", "Bar430\Bar430.Domain\Bar430.Domain.csproj", "{FF4168F9-29FE-4AC6-A6E4-D422AE0FCE1D}"
EndProject
Project("{9A19103F-16F7-4668-BE54-9A1E7A4F7556}") = "Bar430.Domain.Shared", "Bar430\Bar430.Domain.Shared\Bar430.Domain.Shared.csproj", "{9F19B50F-3034-4519-A50E-32F529AFF3A9}"
EndProject
Project("{9A19103F-16F7-4668-BE54-9A1E7A4F7556}") = "Bar430.HttpApi", "Bar430\Bar430.HttpApi\Bar430.HttpApi.csproj", "{40A1FD1E-2A3B-4278-93C5-43C9593147A9}"
EndProject
Project("{9A19103F-16F7-4668-BE54-9A1E7A4F7556}") = "Bar430.HttpApi.Host", "Bar430\Bar430.HttpApi.Host\Bar430.HttpApi.Host.csproj", "{05B099A5-A3CB-4A61-824D-154FA6ED7E9C}"
EndProject
Project("{9A19103F-16F7-4668-BE54-9A1E7A4F7556}") = "Bar430.EntityFrameworkCore.DbMigrations", "Bar430\Bar430.EntityFrameworkCore.DbMigrations\Bar430.EntityFrameworkCore.DbMigrations.csproj", "{5F6982AE-4792-4272-BBAC-B5D0137848F8}"
EndProject
Project("{9A19103F-16F7-4668-BE54-9A1E7A4F7556}") = "Bar430.EntityFrameworkCore", "Bar430\Bar430.EntityFrameworkCore\Bar430.EntityFrameworkCore.csproj", "{0BC4330F-877A-4F46-BBCF-F821E8015B43}"
EndProject
Project("{9A19103F-16F7-4668-BE54-9A1E7A4F7556}") = "Foo400.EntityFrameworkCore.DbMigrations", "Foo400\Foo400.EntityFrameworkCore.DbMigrations\Foo400.EntityFrameworkCore.DbMigrations.csproj", "{B58EF2D7-3C65-4E8E-B844-6BFB4826C394}"
EndProject
Project("{9A19103F-16F7-4668-BE54-9A1E7A4F7556}") = "Foo400.EntityFrameworkCore", "Foo400\Foo400.EntityFrameworkCore\Foo400.EntityFrameworkCore.csproj", "{19AF1A36-2972-4B3B-9E25-A68DEE8F8387}"
EndProject
Global
	GlobalSection(SolutionConfigurationPlatforms) = preSolution
		Debug|Any CPU = Debug|Any CPU
		Release|Any CPU = Release|Any CPU
	EndGlobalSection
	GlobalSection(ProjectConfigurationPlatforms) = postSolution
		{BE28AC9E-33E1-4027-867C-E872D296279A}.Debug|Any CPU.ActiveCfg = Debug|Any CPU
		{BE28AC9E-33E1-4027-867C-E872D296279A}.Debug|Any CPU.Build.0 = Debug|Any CPU
		{BE28AC9E-33E1-4027-867C-E872D296279A}.Release|Any CPU.ActiveCfg = Release|Any CPU
		{BE28AC9E-33E1-4027-867C-E872D296279A}.Release|Any CPU.Build.0 = Release|Any CPU
		{19CBDBC3-80FB-4380-9927-ABFE594D3E46}.Debug|Any CPU.ActiveCfg = Debug|Any CPU
		{19CBDBC3-80FB-4380-9927-ABFE594D3E46}.Debug|Any CPU.Build.0 = Debug|Any CPU
		{19CBDBC3-80FB-4380-9927-ABFE594D3E46}.Release|Any CPU.ActiveCfg = Release|Any CPU
		{19CBDBC3-80FB-4380-9927-ABFE594D3E46}.Release|Any CPU.Build.0 = Release|Any CPU
		{0FEBDE8A-07BD-4BC2-A046-E8B2CD8C2075}.Debug|Any CPU.ActiveCfg = Debug|Any CPU
		{0FEBDE8A-07BD-4BC2-A046-E8B2CD8C2075}.Debug|Any CPU.Build.0 = Debug|Any CPU
		{0FEBDE8A-07BD-4BC2-A046-E8B2CD8C2075}.Release|Any CPU.ActiveCfg = Release|Any CPU
		{0FEBDE8A-07BD-4BC2-A046-E8B2CD8C2075}.Release|Any CPU.Build.0 = Release|Any CPU
		{102EADA5-C933-4B40-A765-A3AE50BD522E}.Debug|Any CPU.ActiveCfg = Debug|Any CPU
		{102EADA5-C933-4B40-A765-A3AE50BD522E}.Debug|Any CPU.Build.0 = Debug|Any CPU
		{102EADA5-C933-4B40-A765-A3AE50BD522E}.Release|Any CPU.ActiveCfg = Release|Any CPU
		{102EADA5-C933-4B40-A765-A3AE50BD522E}.Release|Any CPU.Build.0 = Release|Any CPU
		{994A0BEC-2936-43FB-848B-4502B650ED10}.Debug|Any CPU.ActiveCfg = Debug|Any CPU
		{994A0BEC-2936-43FB-848B-4502B650ED10}.Debug|Any CPU.Build.0 = Debug|Any CPU
		{994A0BEC-2936-43FB-848B-4502B650ED10}.Release|Any CPU.ActiveCfg = Release|Any CPU
		{994A0BEC-2936-43FB-848B-4502B650ED10}.Release|Any CPU.Build.0 = Release|Any CPU
		{177901AA-347D-4B26-8695-5E50E50B1883}.Debug|Any CPU.ActiveCfg = Debug|Any CPU
		{177901AA-347D-4B26-8695-5E50E50B1883}.Debug|Any CPU.Build.0 = Debug|Any CPU
		{177901AA-347D-4B26-8695-5E50E50B1883}.Release|Any CPU.ActiveCfg = Release|Any CPU
		{177901AA-347D-4B26-8695-5E50E50B1883}.Release|Any CPU.Build.0 = Release|Any CPU
		{FB95971F-E07F-4C91-A693-D0C7CFA3561A}.Debug|Any CPU.ActiveCfg = Debug|Any CPU
		{FB95971F-E07F-4C91-A693-D0C7CFA3561A}.Debug|Any CPU.Build.0 = Debug|Any CPU
		{FB95971F-E07F-4C91-A693-D0C7CFA3561A}.Release|Any CPU.ActiveCfg = Release|Any CPU
		{FB95971F-E07F-4C91-A693-D0C7CFA3561A}.Release|Any CPU.Build.0 = Release|Any CPU
		{1401A715-4A20-4A21-A782-E70CB6241A21}.Debug|Any CPU.ActiveCfg = Debug|Any CPU
		{1401A715-4A20-4A21-A782-E70CB6241A21}.Debug|Any CPU.Build.0 = Debug|Any CPU
		{1401A715-4A20-4A21-A782-E70CB6241A21}.Release|Any CPU.ActiveCfg = Release|Any CPU
		{1401A715-4A20-4A21-A782-E70CB6241A21}.Release|Any CPU.Build.0 = Release|Any CPU
		{4DA0B851-C284-487E-9BA2-1DB594D41554}.Debug|Any CPU.ActiveCfg = Debug|Any CPU
		{4DA0B851-C284-487E-9BA2-1DB594D41554}.Debug|Any CPU.Build.0 = Debug|Any CPU
		{4DA0B851-C284-487E-9BA2-1DB594D41554}.Release|Any CPU.ActiveCfg = Release|Any CPU
		{4DA0B851-C284-487E-9BA2-1DB594D41554}.Release|Any CPU.Build.0 = Release|Any CPU
		{FF4168F9-29FE-4AC6-A6E4-D422AE0FCE1D}.Debug|Any CPU.ActiveCfg = Debug|Any CPU
		{FF4168F9-29FE-4AC6-A6E4-D422AE0FCE1D}.Debug|Any CPU.Build.0 = Debug|Any CPU
		{FF4168F9-29FE-4AC6-A6E4-D422AE0FCE1D}.Release|Any CPU.ActiveCfg = Release|Any CPU
		{FF4168F9-29FE-4AC6-A6E4-D422AE0FCE1D}.Release|Any CPU.Build.0 = Release|Any CPU
		{9F19B50F-3034-4519-A50E-32F529AFF3A9}.Debug|Any CPU.ActiveCfg = Debug|Any CPU
		{9F19B50F-3034-4519-A50E-32F529AFF3A9}.Debug|Any CPU.Build.0 = Debug|Any CPU
		{9F19B50F-3034-4519-A50E-32F529AFF3A9}.Release|Any CPU.ActiveCfg = Release|Any CPU
		{9F19B50F-3034-4519-A50E-32F529AFF3A9}.Release|Any CPU.Build.0 = Release|Any CPU
		{40A1FD1E-2A3B-4278-93C5-43C9593147A9}.Debug|Any CPU.ActiveCfg = Debug|Any CPU
		{40A1FD1E-2A3B-4278-93C5-43C9593147A9}.Debug|Any CPU.Build.0 = Debug|Any CPU
		{40A1FD1E-2A3B-4278-93C5-43C9593147A9}.Release|Any CPU.ActiveCfg = Release|Any CPU
		{40A1FD1E-2A3B-4278-93C5-43C9593147A9}.Release|Any CPU.Build.0 = Release|Any CPU
		{05B099A5-A3CB-4A61-824D-154FA6ED7E9C}.Debug|Any CPU.ActiveCfg = Debug|Any CPU
		{05B099A5-A3CB-4A61-824D-154FA6ED7E9C}.Debug|Any CPU.Build.0 = Debug|Any CPU
		{05B099A5-A3CB-4A61-824D-154FA6ED7E9C}.Release|Any CPU.ActiveCfg = Release|Any CPU
		{05B099A5-A3CB-4A61-824D-154FA6ED7E9C}.Release|Any CPU.Build.0 = Release|Any CPU
		{5F6982AE-4792-4272-BBAC-B5D0137848F8}.Debug|Any CPU.ActiveCfg = Debug|Any CPU
		{5F6982AE-4792-4272-BBAC-B5D0137848F8}.Debug|Any CPU.Build.0 = Debug|Any CPU
		{5F6982AE-4792-4272-BBAC-B5D0137848F8}.Release|Any CPU.ActiveCfg = Release|Any CPU
		{5F6982AE-4792-4272-BBAC-B5D0137848F8}.Release|Any CPU.Build.0 = Release|Any CPU
		{0BC4330F-877A-4F46-BBCF-F821E8015B43}.Debug|Any CPU.ActiveCfg = Debug|Any CPU
		{0BC4330F-877A-4F46-BBCF-F821E8015B43}.Debug|Any CPU.Build.0 = Debug|Any CPU
		{0BC4330F-877A-4F46-BBCF-F821E8015B43}.Release|Any CPU.ActiveCfg = Release|Any CPU
		{0BC4330F-877A-4F46-BBCF-F821E8015B43}.Release|Any CPU.Build.0 = Release|Any CPU
		{B58EF2D7-3C65-4E8E-B844-6BFB4826C394}.Debug|Any CPU.ActiveCfg = Debug|Any CPU
		{B58EF2D7-3C65-4E8E-B844-6BFB4826C394}.Debug|Any CPU.Build.0 = Debug|Any CPU
		{B58EF2D7-3C65-4E8E-B844-6BFB4826C394}.Release|Any CPU.ActiveCfg = Release|Any CPU
		{B58EF2D7-3C65-4E8E-B844-6BFB4826C394}.Release|Any CPU.Build.0 = Release|Any CPU
		{19AF1A36-2972-4B3B-9E25-A68DEE8F8387}.Debug|Any CPU.ActiveCfg = Debug|Any CPU
		{19AF1A36-2972-4B3B-9E25-A68DEE8F8387}.Debug|Any CPU.Build.0 = Debug|Any CPU
		{19AF1A36-2972-4B3B-9E25-A68DEE8F8387}.Release|Any CPU.ActiveCfg = Release|Any CPU
		{19AF1A36-2972-4B3B-9E25-A68DEE8F8387}.Release|Any CPU.Build.0 = Release|Any CPU
	EndGlobalSection
	GlobalSection(SolutionProperties) = preSolution
		HideSolutionNode = FALSE
	EndGlobalSection
	GlobalSection(NestedProjects) = preSolution
		{BE28AC9E-33E1-4027-867C-E872D296279A} = {61792957-C06D-425F-A321-C502A9726FDF}
		{19CBDBC3-80FB-4380-9927-ABFE594D3E46} = {61792957-C06D-425F-A321-C502A9726FDF}
		{0FEBDE8A-07BD-4BC2-A046-E8B2CD8C2075} = {61792957-C06D-425F-A321-C502A9726FDF}
		{102EADA5-C933-4B40-A765-A3AE50BD522E} = {61792957-C06D-425F-A321-C502A9726FDF}
		{994A0BEC-2936-43FB-848B-4502B650ED10} = {61792957-C06D-425F-A321-C502A9726FDF}
		{177901AA-347D-4B26-8695-5E50E50B1883} = {61792957-C06D-425F-A321-C502A9726FDF}
		{FB95971F-E07F-4C91-A693-D0C7CFA3561A} = {61792957-C06D-425F-A321-C502A9726FDF}
		{1401A715-4A20-4A21-A782-E70CB6241A21} = {07BAED45-8244-4145-8450-18383F32CFB1}
		{4DA0B851-C284-487E-9BA2-1DB594D41554} = {07BAED45-8244-4145-8450-18383F32CFB1}
		{FF4168F9-29FE-4AC6-A6E4-D422AE0FCE1D} = {07BAED45-8244-4145-8450-18383F32CFB1}
		{9F19B50F-3034-4519-A50E-32F529AFF3A9} = {07BAED45-8244-4145-8450-18383F32CFB1}
		{40A1FD1E-2A3B-4278-93C5-43C9593147A9} = {07BAED45-8244-4145-8450-18383F32CFB1}
		{05B099A5-A3CB-4A61-824D-154FA6ED7E9C} = {07BAED45-8244-4145-8450-18383F32CFB1}
		{5F6982AE-4792-4272-BBAC-B5D0137848F8} = {07BAED45-8244-4145-8450-18383F32CFB1}
		{0BC4330F-877A-4F46-BBCF-F821E8015B43} = {07BAED45-8244-4145-8450-18383F32CFB1}
		{B58EF2D7-3C65-4E8E-B844-6BFB4826C394} = {61792957-C06D-425F-A321-C502A9726FDF}
		{19AF1A36-2972-4B3B-9E25-A68DEE8F8387} = {61792957-C06D-425F-A321-C502A9726FDF}
	EndGlobalSection
	GlobalSection(ExtensibilityGlobals) = postSolution
		SolutionGuid = {CFF64C2A-E9AD-49BD-BFDD-AC829F917A1F}
	EndGlobalSection
EndGlobal
